
Microsoft Visual Studio Solution File, Format Version 12.00
# Visual Studio Version 16
VisualStudioVersion = 16.0.31005.135
MinimumVisualStudioVersion = 10.0.40219.1
Project("{FAE04EC0-301F-11D3-BF4B-00C04F79EFBC}") = "ApiCountry", "ApiCountry\ApiCountry.csproj", "{037EEEBE-EEEE-4AC7-8344-CD4F217A285F}"
EndProject
Global
	GlobalSection(SolutionConfigurationPlatforms) = preSolution
		Debug|Any CPU = Debug|Any CPU
		Release|Any CPU = Release|Any CPU
	EndGlobalSection
	GlobalSection(ProjectConfigurationPlatforms) = postSolution
		{037EEEBE-EEEE-4AC7-8344-CD4F217A285F}.Debug|Any CPU.ActiveCfg = Debug|Any CPU
		{037EEEBE-EEEE-4AC7-8344-CD4F217A285F}.Debug|Any CPU.Build.0 = Debug|Any CPU
		{037EEEBE-EEEE-4AC7-8344-CD4F217A285F}.Release|Any CPU.ActiveCfg = Release|Any CPU
		{037EEEBE-EEEE-4AC7-8344-CD4F217A285F}.Release|Any CPU.Build.0 = Release|Any CPU
	EndGlobalSection
	GlobalSection(SolutionProperties) = preSolution
		HideSolutionNode = FALSE
	EndGlobalSection
	GlobalSection(ExtensibilityGlobals) = postSolution
		SolutionGuid = {74DE3828-7365-4352-A65A-D83049065065}
	EndGlobalSection
EndGlobal
